
Microsoft Visual Studio Solution File, Format Version 12.00
# Visual Studio Version 16
VisualStudioVersion = 16.0.30621.155
MinimumVisualStudioVersion = 10.0.40219.1
Project("{8BC9CEB8-8B4A-11D0-8D11-00A0C91BC942}") = "lab 9.2 A", "lab 9.2 A\lab 9.2 A.vcxproj", "{AB206C59-929E-4AE9-A4DA-1580E34969D2}"
EndProject
Project("{8BC9CEB8-8B4A-11D0-8D11-00A0C91BC942}") = "UnitTest9.2A", "UnitTest9.2A\UnitTest9.2A.vcxproj", "{DAF4D49B-623B-4392-B87F-769A087408CF}"
EndProject
Global
	GlobalSection(SolutionConfigurationPlatforms) = preSolution
		Debug|x64 = Debug|x64
		Debug|x86 = Debug|x86
		Release|x64 = Release|x64
		Release|x86 = Release|x86
	EndGlobalSection
	GlobalSection(ProjectConfigurationPlatforms) = postSolution
		{AB206C59-929E-4AE9-A4DA-1580E34969D2}.Debug|x64.ActiveCfg = Debug|x64
		{AB206C59-929E-4AE9-A4DA-1580E34969D2}.Debug|x64.Build.0 = Debug|x64
		{AB206C59-929E-4AE9-A4DA-1580E34969D2}.Debug|x86.ActiveCfg = Debug|Win32
		{AB206C59-929E-4AE9-A4DA-1580E34969D2}.Debug|x86.Build.0 = Debug|Win32
		{AB206C59-929E-4AE9-A4DA-1580E34969D2}.Release|x64.ActiveCfg = Release|x64
		{AB206C59-929E-4AE9-A4DA-1580E34969D2}.Release|x64.Build.0 = Release|x64
		{AB206C59-929E-4AE9-A4DA-1580E34969D2}.Release|x86.ActiveCfg = Release|Win32
		{AB206C59-929E-4AE9-A4DA-1580E34969D2}.Release|x86.Build.0 = Release|Win32
		{DAF4D49B-623B-4392-B87F-769A087408CF}.Debug|x64.ActiveCfg = Debug|x64
		{DAF4D49B-623B-4392-B87F-769A087408CF}.Debug|x64.Build.0 = Debug|x64
		{DAF4D49B-623B-4392-B87F-769A087408CF}.Debug|x86.ActiveCfg = Debug|Win32
		{DAF4D49B-623B-4392-B87F-769A087408CF}.Debug|x86.Build.0 = Debug|Win32
		{DAF4D49B-623B-4392-B87F-769A087408CF}.Release|x64.ActiveCfg = Release|x64
		{DAF4D49B-623B-4392-B87F-769A087408CF}.Release|x64.Build.0 = Release|x64
		{DAF4D49B-623B-4392-B87F-769A087408CF}.Release|x86.ActiveCfg = Release|Win32
		{DAF4D49B-623B-4392-B87F-769A087408CF}.Release|x86.Build.0 = Release|Win32
	EndGlobalSection
	GlobalSection(SolutionProperties) = preSolution
		HideSolutionNode = FALSE
	EndGlobalSection
	GlobalSection(ExtensibilityGlobals) = postSolution
		SolutionGuid = {E5FEB6CC-B822-49C0-899A-403E8768660E}
	EndGlobalSection
EndGlobal
